// !$*UTF8*$!
{
	archiveVersion = 1;
	classes = {
	};
	objectVersion = 46;
	objects = {

/* Begin PBXBuildFile section */
		21771A591DB3E6AF0038DA64 /* AppDelegate.swift in Sources */ = {isa = PBXBuildFile; fileRef = 21771A581DB3E6AF0038DA64 /* AppDelegate.swift */; };
		21771A5E1DB3E6AF0038DA64 /* Main.storyboard in Resources */ = {isa = PBXBuildFile; fileRef = 21771A5C1DB3E6AF0038DA64 /* Main.storyboard */; };
		21771A601DB3E6AF0038DA64 /* Assets.xcassets in Resources */ = {isa = PBXBuildFile; fileRef = 21771A5F1DB3E6AF0038DA64 /* Assets.xcassets */; };
		21771A631DB3E6AF0038DA64 /* LaunchScreen.storyboard in Resources */ = {isa = PBXBuildFile; fileRef = 21771A611DB3E6AF0038DA64 /* LaunchScreen.storyboard */; };
		21771A6C1DB3E8980038DA64 /* MoviesViewController.swift in Sources */ = {isa = PBXBuildFile; fileRef = 21771A6B1DB3E8980038DA64 /* MoviesViewController.swift */; };
		21771A6F1DB402950038DA64 /* MovieCell.swift in Sources */ = {isa = PBXBuildFile; fileRef = 21771A6E1DB402950038DA64 /* MovieCell.swift */; };
		21771A711DB411050038DA64 /* DetailViewController.swift in Sources */ = {isa = PBXBuildFile; fileRef = 21771A701DB411050038DA64 /* DetailViewController.swift */; };
		30496A7E72DA8F41F49C3025 /* Pods_MovieFlicks.framework in Frameworks */ = {isa = PBXBuildFile; fileRef = 0F9E27AFFF708A2D9C0D1732 /* Pods_MovieFlicks.framework */; };
/* End PBXBuildFile section */

/* Begin PBXFileReference section */
		0F9E27AFFF708A2D9C0D1732 /* Pods_MovieFlicks.framework */ = {isa = PBXFileReference; explicitFileType = wrapper.framework; includeInIndex = 0; path = Pods_MovieFlicks.framework; sourceTree = BUILT_PRODUCTS_DIR; };
		21771A551DB3E6AF0038DA64 /* MovieFlicks.app */ = {isa = PBXFileReference; explicitFileType = wrapper.application; includeInIndex = 0; path = MovieFlicks.app; sourceTree = BUILT_PRODUCTS_DIR; };
		21771A581DB3E6AF0038DA64 /* AppDelegate.swift */ = {isa = PBXFileReference; lastKnownFileType = sourcecode.swift; path = AppDelegate.swift; sourceTree = "<group>"; };
		21771A5D1DB3E6AF0038DA64 /* Base */ = {isa = PBXFileReference; lastKnownFileType = file.storyboard; name = Base; path = Base.lproj/Main.storyboard; sourceTree = "<group>"; };
		21771A5F1DB3E6AF0038DA64 /* Assets.xcassets */ = {isa = PBXFileReference; lastKnownFileType = folder.assetcatalog; path = Assets.xcassets; sourceTree = "<group>"; };
		21771A621DB3E6AF0038DA64 /* Base */ = {isa = PBXFileReference; lastKnownFileType = file.storyboard; name = Base; path = Base.lproj/LaunchScreen.storyboard; sourceTree = "<group>"; };
		21771A641DB3E6AF0038DA64 /* Info.plist */ = {isa = PBXFileReference; lastKnownFileType = text.plist.xml; path = Info.plist; sourceTree = "<group>"; };
		21771A6B1DB3E8980038DA64 /* MoviesViewController.swift */ = {isa = PBXFileReference; fileEncoding = 4; lastKnownFileType = sourcecode.swift; path = MoviesViewController.swift; sourceTree = "<group>"; };
		21771A6E1DB402950038DA64 /* MovieCell.swift */ = {isa = PBXFileReference; fileEncoding = 4; lastKnownFileType = sourcecode.swift; path = MovieCell.swift; sourceTree = "<group>"; };
		21771A701DB411050038DA64 /* DetailViewController.swift */ = {isa = PBXFileReference; fileEncoding = 4; lastKnownFileType = sourcecode.swift; path = DetailViewController.swift; sourceTree = "<group>"; };
		52EB8BD54BA00848B88E3320 /* Pods-MovieFlicks.release.xcconfig */ = {isa = PBXFileReference; includeInIndex = 1; lastKnownFileType = text.xcconfig; name = "Pods-MovieFlicks.release.xcconfig"; path = "Pods/Target Support Files/Pods-MovieFlicks/Pods-MovieFlicks.release.xcconfig"; sourceTree = "<group>"; };
		E744A129FE97D09FDD5699CA /* Pods-MovieFlicks.debug.xcconfig */ = {isa = PBXFileReference; includeInIndex = 1; lastKnownFileType = text.xcconfig; name = "Pods-MovieFlicks.debug.xcconfig"; path = "Pods/Target Support Files/Pods-MovieFlicks/Pods-MovieFlicks.debug.xcconfig"; sourceTree = "<group>"; };
/* End PBXFileReference section */

/* Begin PBXFrameworksBuildPhase section */
		21771A521DB3E6AF0038DA64 /* Frameworks */ = {
			isa = PBXFrameworksBuildPhase;
			buildActionMask = 2147483647;
			files = (
				30496A7E72DA8F41F49C3025 /* Pods_MovieFlicks.framework in Frameworks */,
			);
			runOnlyForDeploymentPostprocessing = 0;
		};
/* End PBXFrameworksBuildPhase section */

/* Begin PBXGroup section */
		21771A4C1DB3E6AF0038DA64 = {
			isa = PBXGroup;
			children = (
				21771A571DB3E6AF0038DA64 /* MovieFlicks */,
				21771A561DB3E6AF0038DA64 /* Products */,
				B11B5EB0392E4C7C33650E66 /* Pods */,
				B21DF0E2CD4BF71692893277 /* Frameworks */,
			);
			sourceTree = "<group>";
		};
		21771A561DB3E6AF0038DA64 /* Products */ = {
			isa = PBXGroup;
			children = (
				21771A551DB3E6AF0038DA64 /* MovieFlicks.app */,
			);
			name = Products;
			sourceTree = "<group>";
		};
		21771A571DB3E6AF0038DA64 /* MovieFlicks */ = {
			isa = PBXGroup;
			children = (
				21771A6D1DB402420038DA64 /* views */,
				21771A6A1DB3E80A0038DA64 /* view controller */,
				21771A581DB3E6AF0038DA64 /* AppDelegate.swift */,
				21771A5C1DB3E6AF0038DA64 /* Main.storyboard */,
				21771A5F1DB3E6AF0038DA64 /* Assets.xcassets */,
				21771A611DB3E6AF0038DA64 /* LaunchScreen.storyboard */,
				21771A641DB3E6AF0038DA64 /* Info.plist */,
			);
			path = MovieFlicks;
			sourceTree = "<group>";
		};
		21771A6A1DB3E80A0038DA64 /* view controller */ = {
			isa = PBXGroup;
			children = (
				21771A6B1DB3E8980038DA64 /* MoviesViewController.swift */,
				21771A701DB411050038DA64 /* DetailViewController.swift */,
			);
			name = "view controller";
			sourceTree = "<group>";
		};
		21771A6D1DB402420038DA64 /* views */ = {
			isa = PBXGroup;
			children = (
				21771A6E1DB402950038DA64 /* MovieCell.swift */,
			);
			name = views;
			sourceTree = "<group>";
		};
		B11B5EB0392E4C7C33650E66 /* Pods */ = {
			isa = PBXGroup;
			children = (
				E744A129FE97D09FDD5699CA /* Pods-MovieFlicks.debug.xcconfig */,
				52EB8BD54BA00848B88E3320 /* Pods-MovieFlicks.release.xcconfig */,
			);
			name = Pods;
			sourceTree = "<group>";
		};
		B21DF0E2CD4BF71692893277 /* Frameworks */ = {
			isa = PBXGroup;
			children = (
				0F9E27AFFF708A2D9C0D1732 /* Pods_MovieFlicks.framework */,
			);
			name = Frameworks;
			sourceTree = "<group>";
		};
/* End PBXGroup section */

/* Begin PBXNativeTarget section */
		21771A541DB3E6AF0038DA64 /* MovieFlicks */ = {
			isa = PBXNativeTarget;
			buildConfigurationList = 21771A671DB3E6AF0038DA64 /* Build configuration list for PBXNativeTarget "MovieFlicks" */;
			buildPhases = (
				08A81AA50D5785FBD4A021AB /* [CP] Check Pods Manifest.lock */,
				21771A511DB3E6AF0038DA64 /* Sources */,
				21771A521DB3E6AF0038DA64 /* Frameworks */,
				21771A531DB3E6AF0038DA64 /* Resources */,
				5D1C255D7E7EF3663DAE0151 /* [CP] Embed Pods Frameworks */,
				6D2DFBE37345953FF1337AF6 /* [CP] Copy Pods Resources */,
			);
			buildRules = (
			);
			dependencies = (
			);
			name = MovieFlicks;
			productName = MovieFlicks;
			productReference = 21771A551DB3E6AF0038DA64 /* MovieFlicks.app */;
			productType = "com.apple.product-type.application";
		};
/* End PBXNativeTarget section */

/* Begin PBXProject section */
		21771A4D1DB3E6AF0038DA64 /* Project object */ = {
			isa = PBXProject;
			attributes = {
				LastSwiftUpdateCheck = 0800;
				LastUpgradeCheck = 0800;
				ORGANIZATIONNAME = "Harshit Mapara";
				TargetAttributes = {
					21771A541DB3E6AF0038DA64 = {
						CreatedOnToolsVersion = 8.0;
						ProvisioningStyle = Automatic;
					};
				};
			};
			buildConfigurationList = 21771A501DB3E6AF0038DA64 /* Build configuration list for PBXProject "MovieFlicks" */;
			compatibilityVersion = "Xcode 3.2";
			developmentRegion = English;
			hasScannedForEncodings = 0;
			knownRegions = (
				en,
				Base,
			);
			mainGroup = 21771A4C1DB3E6AF0038DA64;
			productRefGroup = 21771A561DB3E6AF0038DA64 /* Products */;
			projectDirPath = "";
			projectRoot = "";
			targets = (
				21771A541DB3E6AF0038DA64 /* MovieFlicks */,
			);
		};
/* End PBXProject section */

/* Begin PBXResourcesBuildPhase section */
		21771A531DB3E6AF0038DA64 /* Resources */ = {
			isa = PBXResourcesBuildPhase;
			buildActionMask = 2147483647;
			files = (
				21771A631DB3E6AF0038DA64 /* LaunchScreen.storyboard in Resources */,
				21771A601DB3E6AF0038DA64 /* Assets.xcassets in Resources */,
				21771A5E1DB3E6AF0038DA64 /* Main.storyboard in Resources */,
			);
			runOnlyForDeploymentPostprocessing = 0;
		};
/* End PBXResourcesBuildPhase section */

/* Begin PBXShellScriptBuildPhase section */
		08A81AA50D5785FBD4A021AB /* [CP] Check Pods Manifest.lock */ = {
			isa = PBXShellScriptBuildPhase;
			buildActionMask = 2147483647;
			files = (
			);
			inputPaths = (
			);
			name = "[CP] Check Pods Manifest.lock";
			outputPaths = (
			);
			runOnlyForDeploymentPostprocessing = 0;
			shellPath = /bin/sh;
			shellScript = "diff \"${PODS_ROOT}/../Podfile.lock\" \"${PODS_ROOT}/Manifest.lock\" > /dev/null\nif [[ $? != 0 ]] ; then\n    cat << EOM\nerror: The sandbox is not in sync with the Podfile.lock. Run 'pod install' or update your CocoaPods installation.\nEOM\n    exit 1\nfi\n";
			showEnvVarsInLog = 0;
		};
		5D1C255D7E7EF3663DAE0151 /* [CP] Embed Pods Frameworks */ = {
			isa = PBXShellScriptBuildPhase;
			buildActionMask = 2147483647;
			files = (
			);
			inputPaths = (
			);
			name = "[CP] Embed Pods Frameworks";
			outputPaths = (
			);
			runOnlyForDeploymentPostprocessing = 0;
			shellPath = /bin/sh;
			shellScript = "\"${SRCROOT}/Pods/Target Support Files/Pods-MovieFlicks/Pods-MovieFlicks-frameworks.sh\"\n";
			showEnvVarsInLog = 0;
		};
		6D2DFBE37345953FF1337AF6 /* [CP] Copy Pods Resources */ = {
			isa = PBXShellScriptBuildPhase;
			buildActionMask = 2147483647;
			files = (
			);
			inputPaths = (
			);
			name = "[CP] Copy Pods Resources";
			outputPaths = (
			);
			runOnlyForDeploymentPostprocessing = 0;
			shellPath = /bin/sh;
			shellScript = "\"${SRCROOT}/Pods/Target Support Files/Pods-MovieFlicks/Pods-MovieFlicks-resources.sh\"\n";
			showEnvVarsInLog = 0;
		};
/* End PBXShellScriptBuildPhase section */

/* Begin PBXSourcesBuildPhase section */
		21771A511DB3E6AF0038DA64 /* Sources */ = {
			isa = PBXSourcesBuildPhase;
			buildActionMask = 2147483647;
			files = (
				21771A591DB3E6AF0038DA64 /* AppDelegate.swift in Sources */,
				21771A6C1DB3E8980038DA64 /* MoviesViewController.swift in Sources */,
				21771A6F1DB402950038DA64 /* MovieCell.swift in Sources */,
				21771A711DB411050038DA64 /* DetailViewController.swift in Sources */,
			);
			runOnlyForDeploymentPostprocessing = 0;
		};
/* End PBXSourcesBuildPhase section */

/* Begin PBXVariantGroup section */
		21771A5C1DB3E6AF0038DA64 /* Main.storyboard */ = {
			isa = PBXVariantGroup;
			children = (
				21771A5D1DB3E6AF0038DA64 /* Base */,
			);
			name = Main.storyboard;
			sourceTree = "<group>";
		};
		21771A611DB3E6AF0038DA64 /* LaunchScreen.storyboard */ = {
			isa = PBXVariantGroup;
			children = (
				21771A621DB3E6AF0038DA64 /* Base */,
			);
			name = LaunchScreen.storyboard;
			sourceTree = "<group>";
		};
/* End PBXVariantGroup section */

/* Begin XCBuildConfiguration section */
		21771A651DB3E6AF0038DA64 /* Debug */ = {
			isa = XCBuildConfiguration;
			buildSettings = {
				ALWAYS_SEARCH_USER_PATHS = NO;
				CLANG_ANALYZER_NONNULL = YES;
				CLANG_CXX_LANGUAGE_STANDARD = "gnu++0x";
				CLANG_CXX_LIBRARY = "libc++";
				CLANG_ENABLE_MODULES = YES;
				CLANG_ENABLE_OBJC_ARC = YES;
				CLANG_WARN_BOOL_CONVERSION = YES;
				CLANG_WARN_CONSTANT_CONVERSION = YES;
				CLANG_WARN_DIRECT_OBJC_ISA_USAGE = YES_ERROR;
				CLANG_WARN_DOCUMENTATION_COMMENTS = YES;
				CLANG_WARN_EMPTY_BODY = YES;
				CLANG_WARN_ENUM_CONVERSION = YES;
				CLANG_WARN_INFINITE_RECURSION = YES;
				CLANG_WARN_INT_CONVERSION = YES;
				CLANG_WARN_OBJC_ROOT_CLASS = YES_ERROR;
				CLANG_WARN_SUSPICIOUS_MOVES = YES;
				CLANG_WARN_UNREACHABLE_CODE = YES;
				CLANG_WARN__DUPLICATE_METHOD_MATCH = YES;
				"CODE_SIGN_IDENTITY[sdk=iphoneos*]" = "iPhone Developer";
				COPY_PHASE_STRIP = NO;
				DEBUG_INFORMATION_FORMAT = dwarf;
				ENABLE_STRICT_OBJC_MSGSEND = YES;
				ENABLE_TESTABILITY = YES;
				GCC_C_LANGUAGE_STANDARD = gnu99;
				GCC_DYNAMIC_NO_PIC = NO;
				GCC_NO_COMMON_BLOCKS = YES;
				GCC_OPTIMIZATION_LEVEL = 0;
				GCC_PREPROCESSOR_DEFINITIONS = (
					"DEBUG=1",
					"$(inherited)",
				);
				GCC_WARN_64_TO_32_BIT_CONVERSION = YES;
				GCC_WARN_ABOUT_RETURN_TYPE = YES_ERROR;
				GCC_WARN_UNDECLARED_SELECTOR = YES;
				GCC_WARN_UNINITIALIZED_AUTOS = YES_AGGRESSIVE;
				GCC_WARN_UNUSED_FUNCTION = YES;
				GCC_WARN_UNUSED_VARIABLE = YES;
				IPHONEOS_DEPLOYMENT_TARGET = 10.0;
				MTL_ENABLE_DEBUG_INFO = YES;
				ONLY_ACTIVE_ARCH = YES;
				SDKROOT = iphoneos;
				SWIFT_ACTIVE_COMPILATION_CONDITIONS = DEBUG;
				SWIFT_OPTIMIZATION_LEVEL = "-Onone";
			};
			name = Debug;
		};
		21771A661DB3E6AF0038DA64 /* Release */ = {
			isa = XCBuildConfiguration;
			buildSettings = {
				ALWAYS_SEARCH_USER_PATHS = NO;
				CLANG_ANALYZER_NONNULL = YES;
				CLANG_CXX_LANGUAGE_STANDARD = "gnu++0x";
				CLANG_CXX_LIBRARY = "libc++";
				CLANG_ENABLE_MODULES = YES;
				CLANG_ENABLE_OBJC_ARC = YES;
				CLANG_WARN_BOOL_CONVERSION = YES;
				CLANG_WARN_CONSTANT_CONVERSION = YES;
				CLANG_WARN_DIRECT_OBJC_ISA_USAGE = YES_ERROR;
				CLANG_WARN_DOCUMENTATION_COMMENTS = YES;
				CLANG_WARN_EMPTY_BODY = YES;
				CLANG_WARN_ENUM_CONVERSION = YES;
				CLANG_WARN_INFINITE_RECURSION = YES;
				CLANG_WARN_INT_CONVERSION = YES;
				CLANG_WARN_OBJC_ROOT_CLASS = YES_ERROR;
				CLANG_WARN_SUSPICIOUS_MOVES = YES;
				CLANG_WARN_UNREACHABLE_CODE = YES;
				CLANG_WARN__DUPLICATE_METHOD_MATCH = YES;
				"CODE_SIGN_IDENTITY[sdk=iphoneos*]" = "iPhone Developer";
				COPY_PHASE_STRIP = NO;
				DEBUG_INFORMATION_FORMAT = "dwarf-with-dsym";
				ENABLE_NS_ASSERTIONS = NO;
				ENABLE_STRICT_OBJC_MSGSEND = YES;
				GCC_C_LANGUAGE_STANDARD = gnu99;
				GCC_NO_COMMON_BLOCKS = YES;
				GCC_WARN_64_TO_32_BIT_CONVERSION = YES;
				GCC_WARN_ABOUT_RETURN_TYPE = YES_ERROR;
				GCC_WARN_UNDECLARED_SELECTOR = YES;
				GCC_WARN_UNINITIALIZED_AUTOS = YES_AGGRESSIVE;
				GCC_WARN_UNUSED_FUNCTION = YES;
				GCC_WARN_UNUSED_VARIABLE = YES;
				IPHONEOS_DEPLOYMENT_TARGET = 10.0;
				MTL_ENABLE_DEBUG_INFO = NO;
				SDKROOT = iphoneos;
				SWIFT_OPTIMIZATION_LEVEL = "-Owholemodule";
				VALIDATE_PRODUCT = YES;
			};
			name = Release;
		};
		21771A681DB3E6AF0038DA64 /* Debug */ = {
			isa = XCBuildConfiguration;
			baseConfigurationReference = E744A129FE97D09FDD5699CA /* Pods-MovieFlicks.debug.xcconfig */;
			buildSettings = {
				ASSETCATALOG_COMPILER_APPICON_NAME = AppIcon;
				INFOPLIST_FILE = MovieFlicks/Info.plist;
				LD_RUNPATH_SEARCH_PATHS = "$(inherited) @executable_path/Frameworks";
				PRODUCT_BUNDLE_IDENTIFIER = com.mapara.MovieFlicks;
				PRODUCT_NAME = "$(TARGET_NAME)";
				SWIFT_VERSION = 3.0;
			};
			name = Debug;
		};
		21771A691DB3E6AF0038DA64 /* Release */ = {
			isa = XCBuildConfiguration;
			baseConfigurationReference = 52EB8BD54BA00848B88E3320 /* Pods-MovieFlicks.release.xcconfig */;
			buildSettings = {
				ASSETCATALOG_COMPILER_APPICON_NAME = AppIcon;
				INFOPLIST_FILE = MovieFlicks/Info.plist;
				LD_RUNPATH_SEARCH_PATHS = "$(inherited) @executable_path/Frameworks";
				PRODUCT_BUNDLE_IDENTIFIER = com.mapara.MovieFlicks;
				PRODUCT_NAME = "$(TARGET_NAME)";
				SWIFT_VERSION = 3.0;
			};
			name = Release;
		};
/* End XCBuildConfiguration section */

/* Begin XCConfigurationList section */
		21771A501DB3E6AF0038DA64 /* Build configuration list for PBXProject "MovieFlicks" */ = {
			isa = XCConfigurationList;
			buildConfigurations = (
				21771A651DB3E6AF0038DA64 /* Debug */,
				21771A661DB3E6AF0038DA64 /* Release */,
			);
			defaultConfigurationIsVisible = 0;
			defaultConfigurationName = Release;
		};
		21771A671DB3E6AF0038DA64 /* Build configuration list for PBXNativeTarget "MovieFlicks" */ = {
			isa = XCConfigurationList;
			buildConfigurations = (
				21771A681DB3E6AF0038DA64 /* Debug */,
				21771A691DB3E6AF0038DA64 /* Release */,
			);
			defaultConfigurationIsVisible = 0;
			defaultConfigurationName = Release;
		};
/* End XCConfigurationList section */
	};
	rootObject = 21771A4D1DB3E6AF0038DA64 /* Project object */;
}
